
Microsoft Visual Studio Solution File, Format Version 12.00
# Visual Studio Version 16
VisualStudioVersion = 16.0.30907.101
MinimumVisualStudioVersion = 10.0.40219.1
Project("{FAE04EC0-301F-11D3-BF4B-00C04F79EFBC}") = "Chess", "Chess.csproj", "{3972E2C2-554A-44A0-937E-F2B6AED01708}"
EndProject
Global
	GlobalSection(SolutionConfigurationPlatforms) = preSolution
		Debug|Any CPU = Debug|Any CPU
		Release|Any CPU = Release|Any CPU
	EndGlobalSection
	GlobalSection(ProjectConfigurationPlatforms) = postSolution
		{3972E2C2-554A-44A0-937E-F2B6AED01708}.Debug|Any CPU.ActiveCfg = Debug|Any CPU
		{3972E2C2-554A-44A0-937E-F2B6AED01708}.Debug|Any CPU.Build.0 = Debug|Any CPU
		{3972E2C2-554A-44A0-937E-F2B6AED01708}.Release|Any CPU.ActiveCfg = Release|Any CPU
		{3972E2C2-554A-44A0-937E-F2B6AED01708}.Release|Any CPU.Build.0 = Release|Any CPU
	EndGlobalSection
	GlobalSection(SolutionProperties) = preSolution
		HideSolutionNode = FALSE
	EndGlobalSection
	GlobalSection(ExtensibilityGlobals) = postSolution
		SolutionGuid = {CD66C883-6962-4660-A548-36996A15DF6F}
	EndGlobalSection
EndGlobal
